
Microsoft Visual Studio Solution File, Format Version 12.00
# Visual Studio Version 17
VisualStudioVersion = 17.3.32825.248
MinimumVisualStudioVersion = 10.0.40219.1
Project("{FAE04EC0-301F-11D3-BF4B-00C04F79EFBC}") = "RPH_Delete_Vehicle", "RPH_Delete_Vehicle\RPH_Delete_Vehicle.csproj", "{5C916FCB-8530-4CA2-A7D7-B7B3221063F4}"
EndProject
Global
	GlobalSection(SolutionConfigurationPlatforms) = preSolution
		Debug|Any CPU = Debug|Any CPU
		Release|Any CPU = Release|Any CPU
	EndGlobalSection
	GlobalSection(ProjectConfigurationPlatforms) = postSolution
		{5C916FCB-8530-4CA2-A7D7-B7B3221063F4}.Debug|Any CPU.ActiveCfg = Debug|Any CPU
		{5C916FCB-8530-4CA2-A7D7-B7B3221063F4}.Debug|Any CPU.Build.0 = Debug|Any CPU
		{5C916FCB-8530-4CA2-A7D7-B7B3221063F4}.Release|Any CPU.ActiveCfg = Release|Any CPU
		{5C916FCB-8530-4CA2-A7D7-B7B3221063F4}.Release|Any CPU.Build.0 = Release|Any CPU
	EndGlobalSection
	GlobalSection(SolutionProperties) = preSolution
		HideSolutionNode = FALSE
	EndGlobalSection
	GlobalSection(ExtensibilityGlobals) = postSolution
		SolutionGuid = {BF52F929-1B4B-4510-B634-83FBE4F66437}
	EndGlobalSection
EndGlobal
